
Microsoft Visual Studio Solution File, Format Version 12.00
# Visual Studio Version 16
VisualStudioVersion = 16.0.29209.152
MinimumVisualStudioVersion = 10.0.40219.1
Project("{FAE04EC0-301F-11D3-BF4B-00C04F79EFBC}") = "ShopifyExample", "ShopifyExample\ShopifyExample.csproj", "{E2D0D1E8-E2DF-4558-A68B-B02C6D250E70}"
EndProject
Global
	GlobalSection(SolutionConfigurationPlatforms) = preSolution
		Debug|Any CPU = Debug|Any CPU
		Release|Any CPU = Release|Any CPU
	EndGlobalSection
	GlobalSection(ProjectConfigurationPlatforms) = postSolution
		{E2D0D1E8-E2DF-4558-A68B-B02C6D250E70}.Debug|Any CPU.ActiveCfg = Debug|Any CPU
		{E2D0D1E8-E2DF-4558-A68B-B02C6D250E70}.Debug|Any CPU.Build.0 = Debug|Any CPU
		{E2D0D1E8-E2DF-4558-A68B-B02C6D250E70}.Release|Any CPU.ActiveCfg = Release|Any CPU
		{E2D0D1E8-E2DF-4558-A68B-B02C6D250E70}.Release|Any CPU.Build.0 = Release|Any CPU
	EndGlobalSection
	GlobalSection(SolutionProperties) = preSolution
		HideSolutionNode = FALSE
	EndGlobalSection
	GlobalSection(ExtensibilityGlobals) = postSolution
		SolutionGuid = {BF5E0BA3-EE59-4B92-8A71-C62427932F04}
	EndGlobalSection
EndGlobal
